
Microsoft Visual Studio Solution File, Format Version 12.00
# Visual Studio 15
VisualStudioVersion = 15.0.28010.2036
MinimumVisualStudioVersion = 10.0.40219.1
Project("{FAE04EC0-301F-11D3-BF4B-00C04F79EFBC}") = "GeometryClassLibrary", "GeometryClassLibrary\GeometryClassLibrary.csproj", "{19B732C3-F8B5-4720-8BF1-BB8F90C963E0}"
EndProject
Project("{FAE04EC0-301F-11D3-BF4B-00C04F79EFBC}") = "GeometryClassLibraryTests", "GeometryClassLibraryTests\GeometryClassLibraryTests.csproj", "{2E042101-D98F-45BB-B3E9-93303EC85A71}"
EndProject
Global
	GlobalSection(SolutionConfigurationPlatforms) = preSolution
		Debug|Any CPU = Debug|Any CPU
		Release|Any CPU = Release|Any CPU
	EndGlobalSection
	GlobalSection(ProjectConfigurationPlatforms) = postSolution
		{19B732C3-F8B5-4720-8BF1-BB8F90C963E0}.Debug|Any CPU.ActiveCfg = Debug|Any CPU
		{19B732C3-F8B5-4720-8BF1-BB8F90C963E0}.Debug|Any CPU.Build.0 = Debug|Any CPU
		{19B732C3-F8B5-4720-8BF1-BB8F90C963E0}.Release|Any CPU.ActiveCfg = Release|Any CPU
		{19B732C3-F8B5-4720-8BF1-BB8F90C963E0}.Release|Any CPU.Build.0 = Release|Any CPU
		{2E042101-D98F-45BB-B3E9-93303EC85A71}.Debug|Any CPU.ActiveCfg = Debug|Any CPU
		{2E042101-D98F-45BB-B3E9-93303EC85A71}.Debug|Any CPU.Build.0 = Debug|Any CPU
		{2E042101-D98F-45BB-B3E9-93303EC85A71}.Release|Any CPU.ActiveCfg = Release|Any CPU
		{2E042101-D98F-45BB-B3E9-93303EC85A71}.Release|Any CPU.Build.0 = Release|Any CPU
	EndGlobalSection
	GlobalSection(SolutionProperties) = preSolution
		HideSolutionNode = FALSE
	EndGlobalSection
	GlobalSection(ExtensibilityGlobals) = postSolution
		SolutionGuid = {F017DBA2-2A98-4735-84E6-F3E9A9A1E7D7}
	EndGlobalSection
EndGlobal
